// !$*UTF8*$!
{
	archiveVersion = 1;
	classes = {
	};
	objectVersion = 46;
	objects = {

/* Begin PBXBuildFile section */
		1F584D991E5C616300D19BB4 /* main.m in Sources */ = {isa = PBXBuildFile; fileRef = 1F584D981E5C616300D19BB4 /* main.m */; };
		1F584D9C1E5C616300D19BB4 /* AppDelegate.m in Sources */ = {isa = PBXBuildFile; fileRef = 1F584D9B1E5C616300D19BB4 /* AppDelegate.m */; };
		1F584D9F1E5C616300D19BB4 /* ViewController.m in Sources */ = {isa = PBXBuildFile; fileRef = 1F584D9E1E5C616300D19BB4 /* ViewController.m */; };
		1F584DA21E5C616300D19BB4 /* Main.storyboard in Resources */ = {isa = PBXBuildFile; fileRef = 1F584DA01E5C616300D19BB4 /* Main.storyboard */; };
		1F584DA41E5C616300D19BB4 /* Assets.xcassets in Resources */ = {isa = PBXBuildFile; fileRef = 1F584DA31E5C616300D19BB4 /* Assets.xcassets */; };
		1F584DA71E5C616300D19BB4 /* LaunchScreen.storyboard in Resources */ = {isa = PBXBuildFile; fileRef = 1F584DA51E5C616300D19BB4 /* LaunchScreen.storyboard */; };
		1F584DB21E5C616300D19BB4 /* SnowFallUITests.m in Sources */ = {isa = PBXBuildFile; fileRef = 1F584DB11E5C616300D19BB4 /* SnowFallUITests.m */; };
		1F584DBD1E5C63CB00D19BB4 /* DazFlake.png in Resources */ = {isa = PBXBuildFile; fileRef = 1F584DBC1E5C63CB00D19BB4 /* DazFlake.png */; };
/* End PBXBuildFile section */

/* Begin PBXContainerItemProxy section */
		1F584DAE1E5C616300D19BB4 /* PBXContainerItemProxy */ = {
			isa = PBXContainerItemProxy;
			containerPortal = 1F584D8C1E5C616300D19BB4 /* Project object */;
			proxyType = 1;
			remoteGlobalIDString = 1F584D931E5C616300D19BB4;
			remoteInfo = SnowFall;
		};
/* End PBXContainerItemProxy section */

/* Begin PBXFileReference section */
		1F584D941E5C616300D19BB4 /* SnowFall.app */ = {isa = PBXFileReference; explicitFileType = wrapper.application; includeInIndex = 0; path = SnowFall.app; sourceTree = BUILT_PRODUCTS_DIR; };
		1F584D981E5C616300D19BB4 /* main.m */ = {isa = PBXFileReference; lastKnownFileType = sourcecode.c.objc; path = main.m; sourceTree = "<group>"; };
		1F584D9A1E5C616300D19BB4 /* AppDelegate.h */ = {isa = PBXFileReference; lastKnownFileType = sourcecode.c.h; path = AppDelegate.h; sourceTree = "<group>"; };
		1F584D9B1E5C616300D19BB4 /* AppDelegate.m */ = {isa = PBXFileReference; lastKnownFileType = sourcecode.c.objc; path = AppDelegate.m; sourceTree = "<group>"; };
		1F584D9D1E5C616300D19BB4 /* ViewController.h */ = {isa = PBXFileReference; lastKnownFileType = sourcecode.c.h; path = ViewController.h; sourceTree = "<group>"; };
		1F584D9E1E5C616300D19BB4 /* ViewController.m */ = {isa = PBXFileReference; lastKnownFileType = sourcecode.c.objc; path = ViewController.m; sourceTree = "<group>"; };
		1F584DA11E5C616300D19BB4 /* Base */ = {isa = PBXFileReference; lastKnownFileType = file.storyboard; name = Base; path = Base.lproj/Main.storyboard; sourceTree = "<group>"; };
		1F584DA31E5C616300D19BB4 /* Assets.xcassets */ = {isa = PBXFileReference; lastKnownFileType = folder.assetcatalog; path = Assets.xcassets; sourceTree = "<group>"; };
		1F584DA61E5C616300D19BB4 /* Base */ = {isa = PBXFileReference; lastKnownFileType = file.storyboard; name = Base; path = Base.lproj/LaunchScreen.storyboard; sourceTree = "<group>"; };
		1F584DA81E5C616300D19BB4 /* Info.plist */ = {isa = PBXFileReference; lastKnownFileType = text.plist.xml; path = Info.plist; sourceTree = "<group>"; };
		1F584DAD1E5C616300D19BB4 /* SnowFallUITests.xctest */ = {isa = PBXFileReference; explicitFileType = wrapper.cfbundle; includeInIndex = 0; path = SnowFallUITests.xctest; sourceTree = BUILT_PRODUCTS_DIR; };
		1F584DB11E5C616300D19BB4 /* SnowFallUITests.m */ = {isa = PBXFileReference; lastKnownFileType = sourcecode.c.objc; path = SnowFallUITests.m; sourceTree = "<group>"; };
		1F584DB31E5C616300D19BB4 /* Info.plist */ = {isa = PBXFileReference; lastKnownFileType = text.plist.xml; path = Info.plist; sourceTree = "<group>"; };
		1F584DBC1E5C63CB00D19BB4 /* DazFlake.png */ = {isa = PBXFileReference; lastKnownFileType = image.png; path = DazFlake.png; sourceTree = "<group>"; };
/* End PBXFileReference section */

/* Begin PBXFrameworksBuildPhase section */
		1F584D911E5C616300D19BB4 /* Frameworks */ = {
			isa = PBXFrameworksBuildPhase;
			buildActionMask = 2147483647;
			files = (
			);
			runOnlyForDeploymentPostprocessing = 0;
		};
		1F584DAA1E5C616300D19BB4 /* Frameworks */ = {
			isa = PBXFrameworksBuildPhase;
			buildActionMask = 2147483647;
			files = (
			);
			runOnlyForDeploymentPostprocessing = 0;
		};
/* End PBXFrameworksBuildPhase section */

/* Begin PBXGroup section */
		1F584D8B1E5C616300D19BB4 = {
			isa = PBXGroup;
			children = (
				1F584D961E5C616300D19BB4 /* SnowFall */,
				1F584DB01E5C616300D19BB4 /* SnowFallUITests */,
				1F584D951E5C616300D19BB4 /* Products */,
			);
			sourceTree = "<group>";
		};
		1F584D951E5C616300D19BB4 /* Products */ = {
			isa = PBXGroup;
			children = (
				1F584D941E5C616300D19BB4 /* SnowFall.app */,
				1F584DAD1E5C616300D19BB4 /* SnowFallUITests.xctest */,
			);
			name = Products;
			sourceTree = "<group>";
		};
		1F584D961E5C616300D19BB4 /* SnowFall */ = {
			isa = PBXGroup;
			children = (
				1F584DBC1E5C63CB00D19BB4 /* DazFlake.png */,
				1F584D9A1E5C616300D19BB4 /* AppDelegate.h */,
				1F584D9B1E5C616300D19BB4 /* AppDelegate.m */,
				1F584D9D1E5C616300D19BB4 /* ViewController.h */,
				1F584D9E1E5C616300D19BB4 /* ViewController.m */,
				1F584DA01E5C616300D19BB4 /* Main.storyboard */,
				1F584DA31E5C616300D19BB4 /* Assets.xcassets */,
				1F584DA51E5C616300D19BB4 /* LaunchScreen.storyboard */,
				1F584DA81E5C616300D19BB4 /* Info.plist */,
				1F584D971E5C616300D19BB4 /* Supporting Files */,
			);
			path = SnowFall;
			sourceTree = "<group>";
		};
		1F584D971E5C616300D19BB4 /* Supporting Files */ = {
			isa = PBXGroup;
			children = (
				1F584D981E5C616300D19BB4 /* main.m */,
			);
			name = "Supporting Files";
			sourceTree = "<group>";
		};
		1F584DB01E5C616300D19BB4 /* SnowFallUITests */ = {
			isa = PBXGroup;
			children = (
				1F584DB11E5C616300D19BB4 /* SnowFallUITests.m */,
				1F584DB31E5C616300D19BB4 /* Info.plist */,
			);
			path = SnowFallUITests;
			sourceTree = "<group>";
		};
/* End PBXGroup section */

/* Begin PBXNativeTarget section */
		1F584D931E5C616300D19BB4 /* SnowFall */ = {
			isa = PBXNativeTarget;
			buildConfigurationList = 1F584DB61E5C616300D19BB4 /* Build configuration list for PBXNativeTarget "SnowFall" */;
			buildPhases = (
				1F584D901E5C616300D19BB4 /* Sources */,
				1F584D911E5C616300D19BB4 /* Frameworks */,
				1F584D921E5C616300D19BB4 /* Resources */,
			);
			buildRules = (
			);
			dependencies = (
			);
			name = SnowFall;
			productName = SnowFall;
			productReference = 1F584D941E5C616300D19BB4 /* SnowFall.app */;
			productType = "com.apple.product-type.application";
		};
		1F584DAC1E5C616300D19BB4 /* SnowFallUITests */ = {
			isa = PBXNativeTarget;
			buildConfigurationList = 1F584DB91E5C616300D19BB4 /* Build configuration list for PBXNativeTarget "SnowFallUITests" */;
			buildPhases = (
				1F584DA91E5C616300D19BB4 /* Sources */,
				1F584DAA1E5C616300D19BB4 /* Frameworks */,
				1F584DAB1E5C616300D19BB4 /* Resources */,
			);
			buildRules = (
			);
			dependencies = (
				1F584DAF1E5C616300D19BB4 /* PBXTargetDependency */,
			);
			name = SnowFallUITests;
			productName = SnowFallUITests;
			productReference = 1F584DAD1E5C616300D19BB4 /* SnowFallUITests.xctest */;
			productType = "com.apple.product-type.bundle.ui-testing";
		};
/* End PBXNativeTarget section */

/* Begin PBXProject section */
		1F584D8C1E5C616300D19BB4 /* Project object */ = {
			isa = PBXProject;
			attributes = {
				LastUpgradeCheck = 0820;
				ORGANIZATIONNAME = "宗盛商业";
				TargetAttributes = {
					1F584D931E5C616300D19BB4 = {
						CreatedOnToolsVersion = 8.2.1;
						DevelopmentTeam = BQ9TFQKXJU;
						ProvisioningStyle = Automatic;
					};
					1F584DAC1E5C616300D19BB4 = {
						CreatedOnToolsVersion = 8.2.1;
						DevelopmentTeam = BQ9TFQKXJU;
						ProvisioningStyle = Automatic;
						TestTargetID = 1F584D931E5C616300D19BB4;
					};
				};
			};
			buildConfigurationList = 1F584D8F1E5C616300D19BB4 /* Build configuration list for PBXProject "SnowFall" */;
			compatibilityVersion = "Xcode 3.2";
			developmentRegion = English;
			hasScannedForEncodings = 0;
			knownRegions = (
				en,
				Base,
			);
			mainGroup = 1F584D8B1E5C616300D19BB4;
			productRefGroup = 1F584D951E5C616300D19BB4 /* Products */;
			projectDirPath = "";
			projectRoot = "";
			targets = (
				1F584D931E5C616300D19BB4 /* SnowFall */,
				1F584DAC1E5C616300D19BB4 /* SnowFallUITests */,
			);
		};
/* End PBXProject section */

/* Begin PBXResourcesBuildPhase section */
		1F584D921E5C616300D19BB4 /* Resources */ = {
			isa = PBXResourcesBuildPhase;
			buildActionMask = 2147483647;
			files = (
				1F584DA71E5C616300D19BB4 /* LaunchScreen.storyboard in Resources */,
				1F584DBD1E5C63CB00D19BB4 /* DazFlake.png in Resources */,
				1F584DA41E5C616300D19BB4 /* Assets.xcassets in Resources */,
				1F584DA21E5C616300D19BB4 /* Main.storyboard in Resources */,
			);
			runOnlyForDeploymentPostprocessing = 0;
		};
		1F584DAB1E5C616300D19BB4 /* Resources */ = {
			isa = PBXResourcesBuildPhase;
			buildActionMask = 2147483647;
			files = (
			);
			runOnlyForDeploymentPostprocessing = 0;
		};
/* End PBXResourcesBuildPhase section */

/* Begin PBXSourcesBuildPhase section */
		1F584D901E5C616300D19BB4 /* Sources */ = {
			isa = PBXSourcesBuildPhase;
			buildActionMask = 2147483647;
			files = (
				1F584D9F1E5C616300D19BB4 /* ViewController.m in Sources */,
				1F584D9C1E5C616300D19BB4 /* AppDelegate.m in Sources */,
				1F584D991E5C616300D19BB4 /* main.m in Sources */,
			);
			runOnlyForDeploymentPostprocessing = 0;
		};
		1F584DA91E5C616300D19BB4 /* Sources */ = {
			isa = PBXSourcesBuildPhase;
			buildActionMask = 2147483647;
			files = (
				1F584DB21E5C616300D19BB4 /* SnowFallUITests.m in Sources */,
			);
			runOnlyForDeploymentPostprocessing = 0;
		};
/* End PBXSourcesBuildPhase section */

/* Begin PBXTargetDependency section */
		1F584DAF1E5C616300D19BB4 /* PBXTargetDependency */ = {
			isa = PBXTargetDependency;
			target = 1F584D931E5C616300D19BB4 /* SnowFall */;
			targetProxy = 1F584DAE1E5C616300D19BB4 /* PBXContainerItemProxy */;
		};
/* End PBXTargetDependency section */

/* Begin PBXVariantGroup section */
		1F584DA01E5C616300D19BB4 /* Main.storyboard */ = {
			isa = PBXVariantGroup;
			children = (
				1F584DA11E5C616300D19BB4 /* Base */,
			);
			name = Main.storyboard;
			sourceTree = "<group>";
		};
		1F584DA51E5C616300D19BB4 /* LaunchScreen.storyboard */ = {
			isa = PBXVariantGroup;
			children = (
				1F584DA61E5C616300D19BB4 /* Base */,
			);
			name = LaunchScreen.storyboard;
			sourceTree = "<group>";
		};
/* End PBXVariantGroup section */

/* Begin XCBuildConfiguration section */
		1F584DB41E5C616300D19BB4 /* Debug */ = {
			isa = XCBuildConfiguration;
			buildSettings = {
				ALWAYS_SEARCH_USER_PATHS = NO;
				CLANG_ANALYZER_NONNULL = YES;
				CLANG_CXX_LANGUAGE_STANDARD = "gnu++0x";
				CLANG_CXX_LIBRARY = "libc++";
				CLANG_ENABLE_MODULES = YES;
				CLANG_ENABLE_OBJC_ARC = YES;
				CLANG_WARN_BOOL_CONVERSION = YES;
				CLANG_WARN_CONSTANT_CONVERSION = YES;
				CLANG_WARN_DIRECT_OBJC_ISA_USAGE = YES_ERROR;
				CLANG_WARN_DOCUMENTATION_COMMENTS = YES;
				CLANG_WARN_EMPTY_BODY = YES;
				CLANG_WARN_ENUM_CONVERSION = YES;
				CLANG_WARN_INFINITE_RECURSION = YES;
				CLANG_WARN_INT_CONVERSION = YES;
				CLANG_WARN_OBJC_ROOT_CLASS = YES_ERROR;
				CLANG_WARN_SUSPICIOUS_MOVE = YES;
				CLANG_WARN_UNREACHABLE_CODE = YES;
				CLANG_WARN__DUPLICATE_METHOD_MATCH = YES;
				"CODE_SIGN_IDENTITY[sdk=iphoneos*]" = "iPhone Developer";
				COPY_PHASE_STRIP = NO;
				DEBUG_INFORMATION_FORMAT = dwarf;
				ENABLE_STRICT_OBJC_MSGSEND = YES;
				ENABLE_TESTABILITY = YES;
				GCC_C_LANGUAGE_STANDARD = gnu99;
				GCC_DYNAMIC_NO_PIC = NO;
				GCC_NO_COMMON_BLOCKS = YES;
				GCC_OPTIMIZATION_LEVEL = 0;
				GCC_PREPROCESSOR_DEFINITIONS = (
					"DEBUG=1",
					"$(inherited)",
				);
				GCC_WARN_64_TO_32_BIT_CONVERSION = YES;
				GCC_WARN_ABOUT_RETURN_TYPE = YES_ERROR;
				GCC_WARN_UNDECLARED_SELECTOR = YES;
				GCC_WARN_UNINITIALIZED_AUTOS = YES_AGGRESSIVE;
				GCC_WARN_UNUSED_FUNCTION = YES;
				GCC_WARN_UNUSED_VARIABLE = YES;
				IPHONEOS_DEPLOYMENT_TARGET = 10.2;
				MTL_ENABLE_DEBUG_INFO = YES;
				ONLY_ACTIVE_ARCH = YES;
				SDKROOT = iphoneos;
			};
			name = Debug;
		};
		1F584DB51E5C616300D19BB4 /* Release */ = {
			isa = XCBuildConfiguration;
			buildSettings = {
				ALWAYS_SEARCH_USER_PATHS = NO;
				CLANG_ANALYZER_NONNULL = YES;
				CLANG_CXX_LANGUAGE_STANDARD = "gnu++0x";
				CLANG_CXX_LIBRARY = "libc++";
				CLANG_ENABLE_MODULES = YES;
				CLANG_ENABLE_OBJC_ARC = YES;
				CLANG_WARN_BOOL_CONVERSION = YES;
				CLANG_WARN_CONSTANT_CONVERSION = YES;
				CLANG_WARN_DIRECT_OBJC_ISA_USAGE = YES_ERROR;
				CLANG_WARN_DOCUMENTATION_COMMENTS = YES;
				CLANG_WARN_EMPTY_BODY = YES;
				CLANG_WARN_ENUM_CONVERSION = YES;
				CLANG_WARN_INFINITE_RECURSION = YES;
				CLANG_WARN_INT_CONVERSION = YES;
				CLANG_WARN_OBJC_ROOT_CLASS = YES_ERROR;
				CLANG_WARN_SUSPICIOUS_MOVE = YES;
				CLANG_WARN_UNREACHABLE_CODE = YES;
				CLANG_WARN__DUPLICATE_METHOD_MATCH = YES;
				"CODE_SIGN_IDENTITY[sdk=iphoneos*]" = "iPhone Developer";
				COPY_PHASE_STRIP = NO;
				DEBUG_INFORMATION_FORMAT = "dwarf-with-dsym";
				ENABLE_NS_ASSERTIONS = NO;
				ENABLE_STRICT_OBJC_MSGSEND = YES;
				GCC_C_LANGUAGE_STANDARD = gnu99;
				GCC_NO_COMMON_BLOCKS = YES;
				GCC_WARN_64_TO_32_BIT_CONVERSION = YES;
				GCC_WARN_ABOUT_RETURN_TYPE = YES_ERROR;
				GCC_WARN_UNDECLARED_SELECTOR = YES;
				GCC_WARN_UNINITIALIZED_AUTOS = YES_AGGRESSIVE;
				GCC_WARN_UNUSED_FUNCTION = YES;
				GCC_WARN_UNUSED_VARIABLE = YES;
				IPHONEOS_DEPLOYMENT_TARGET = 10.2;
				MTL_ENABLE_DEBUG_INFO = NO;
				SDKROOT = iphoneos;
				VALIDATE_PRODUCT = YES;
			};
			name = Release;
		};
		1F584DB71E5C616300D19BB4 /* Debug */ = {
			isa = XCBuildConfiguration;
			buildSettings = {
				ASSETCATALOG_COMPILER_APPICON_NAME = AppIcon;
				DEVELOPMENT_TEAM = BQ9TFQKXJU;
				INFOPLIST_FILE = SnowFall/Info.plist;
				LD_RUNPATH_SEARCH_PATHS = "$(inherited) @executable_path/Frameworks";
				PRODUCT_BUNDLE_IDENTIFIER = com.zssy.AM.SnowFall;
				PRODUCT_NAME = "$(TARGET_NAME)";
			};
			name = Debug;
		};
		1F584DB81E5C616300D19BB4 /* Release */ = {
			isa = XCBuildConfiguration;
			buildSettings = {
				ASSETCATALOG_COMPILER_APPICON_NAME = AppIcon;
				DEVELOPMENT_TEAM = BQ9TFQKXJU;
				INFOPLIST_FILE = SnowFall/Info.plist;
				LD_RUNPATH_SEARCH_PATHS = "$(inherited) @executable_path/Frameworks";
				PRODUCT_BUNDLE_IDENTIFIER = com.zssy.AM.SnowFall;
				PRODUCT_NAME = "$(TARGET_NAME)";
			};
			name = Release;
		};
		1F584DBA1E5C616300D19BB4 /* Debug */ = {
			isa = XCBuildConfiguration;
			buildSettings = {
				DEVELOPMENT_TEAM = BQ9TFQKXJU;
				INFOPLIST_FILE = SnowFallUITests/Info.plist;
				LD_RUNPATH_SEARCH_PATHS = "$(inherited) @executable_path/Frameworks @loader_path/Frameworks";
				PRODUCT_BUNDLE_IDENTIFIER = com.zssy.AM.SnowFallUITests;
				PRODUCT_NAME = "$(TARGET_NAME)";
				TEST_TARGET_NAME = SnowFall;
			};
			name = Debug;
		};
		1F584DBB1E5C616300D19BB4 /* Release */ = {
			isa = XCBuildConfiguration;
			buildSettings = {
				DEVELOPMENT_TEAM = BQ9TFQKXJU;
				INFOPLIST_FILE = SnowFallUITests/Info.plist;
				LD_RUNPATH_SEARCH_PATHS = "$(inherited) @executable_path/Frameworks @loader_path/Frameworks";
				PRODUCT_BUNDLE_IDENTIFIER = com.zssy.AM.SnowFallUITests;
				PRODUCT_NAME = "$(TARGET_NAME)";
				TEST_TARGET_NAME = SnowFall;
			};
			name = Release;
		};
/* End XCBuildConfiguration section */

/* Begin XCConfigurationList section */
		1F584D8F1E5C616300D19BB4 /* Build configuration list for PBXProject "SnowFall" */ = {
			isa = XCConfigurationList;
			buildConfigurations = (
				1F584DB41E5C616300D19BB4 /* Debug */,
				1F584DB51E5C616300D19BB4 /* Release */,
			);
			defaultConfigurationIsVisible = 0;
			defaultConfigurationName = Release;
		};
		1F584DB61E5C616300D19BB4 /* Build configuration list for PBXNativeTarget "SnowFall" */ = {
			isa = XCConfigurationList;
			buildConfigurations = (
				1F584DB71E5C616300D19BB4 /* Debug */,
				1F584DB81E5C616300D19BB4 /* Release */,
			);
			defaultConfigurationIsVisible = 0;
			defaultConfigurationName = Release;
		};
		1F584DB91E5C616300D19BB4 /* Build configuration list for PBXNativeTarget "SnowFallUITests" */ = {
			isa = XCConfigurationList;
			buildConfigurations = (
				1F584DBA1E5C616300D19BB4 /* Debug */,
				1F584DBB1E5C616300D19BB4 /* Release */,
			);
			defaultConfigurationIsVisible = 0;
			defaultConfigurationName = Release;
		};
/* End XCConfigurationList section */
	};
	rootObject = 1F584D8C1E5C616300D19BB4 /* Project object */;
}
